// !$*UTF8*$!
{
	archiveVersion = 1;
	classes = {
	};
	objectVersion = 56;
	objects = {

/* Begin PBXBuildFile section */
		4B1E07392B6AF4F500BFDB45 /* ButtonView.swift in Sources */ = {isa = PBXBuildFile; fileRef = 4B1E07382B6AF4F500BFDB45 /* ButtonView.swift */; };
		4B1E073B2B6AF51600BFDB45 /* CheckBoxView.swift in Sources */ = {isa = PBXBuildFile; fileRef = 4B1E073A2B6AF51600BFDB45 /* CheckBoxView.swift */; };
		4B1E073F2B6AF54900BFDB45 /* InputView.swift in Sources */ = {isa = PBXBuildFile; fileRef = 4B1E073E2B6AF54900BFDB45 /* InputView.swift */; };
		4B1E075A2B6AFA2600BFDB45 /* Registro.swift in Sources */ = {isa = PBXBuildFile; fileRef = 4B1E07592B6AFA2600BFDB45 /* Registro.swift */; };
		4B1E075D2B6AFA4400BFDB45 /* Login.swift in Sources */ = {isa = PBXBuildFile; fileRef = 4B1E075C2B6AFA4400BFDB45 /* Login.swift */; };
		4B5E7ACC2B572EB1008095FC /* iecaappadminApp.swift in Sources */ = {isa = PBXBuildFile; fileRef = 4B5E7ACB2B572EB1008095FC /* iecaappadminApp.swift */; };
		4B5E7ACE2B572EB1008095FC /* ContentView.swift in Sources */ = {isa = PBXBuildFile; fileRef = 4B5E7ACD2B572EB1008095FC /* ContentView.swift */; };
		4B5E7AD02B572EB2008095FC /* Assets.xcassets in Resources */ = {isa = PBXBuildFile; fileRef = 4B5E7ACF2B572EB2008095FC /* Assets.xcassets */; };
		4B5E7AD32B572EB2008095FC /* Preview Assets.xcassets in Resources */ = {isa = PBXBuildFile; fileRef = 4B5E7AD22B572EB2008095FC /* Preview Assets.xcassets */; };
		4B5E7ADD2B572EB2008095FC /* iecaappadminTests.swift in Sources */ = {isa = PBXBuildFile; fileRef = 4B5E7ADC2B572EB2008095FC /* iecaappadminTests.swift */; };
		4B5E7AE72B572EB2008095FC /* iecaappadminUITests.swift in Sources */ = {isa = PBXBuildFile; fileRef = 4B5E7AE62B572EB2008095FC /* iecaappadminUITests.swift */; };
		4B5E7AE92B572EB2008095FC /* iecaappadminUITestsLaunchTests.swift in Sources */ = {isa = PBXBuildFile; fileRef = 4B5E7AE82B572EB2008095FC /* iecaappadminUITestsLaunchTests.swift */; };
/* End PBXBuildFile section */

/* Begin PBXContainerItemProxy section */
		4B5E7AD92B572EB2008095FC /* PBXContainerItemProxy */ = {
			isa = PBXContainerItemProxy;
			containerPortal = 4B5E7AC02B572EB1008095FC /* Project object */;
			proxyType = 1;
			remoteGlobalIDString = 4B5E7AC72B572EB1008095FC;
			remoteInfo = iecaappadmin;
		};
		4B5E7AE32B572EB2008095FC /* PBXContainerItemProxy */ = {
			isa = PBXContainerItemProxy;
			containerPortal = 4B5E7AC02B572EB1008095FC /* Project object */;
			proxyType = 1;
			remoteGlobalIDString = 4B5E7AC72B572EB1008095FC;
			remoteInfo = iecaappadmin;
		};
/* End PBXContainerItemProxy section */

/* Begin PBXFileReference section */
		4B1E07382B6AF4F500BFDB45 /* ButtonView.swift */ = {isa = PBXFileReference; lastKnownFileType = sourcecode.swift; path = ButtonView.swift; sourceTree = "<group>"; };
		4B1E073A2B6AF51600BFDB45 /* CheckBoxView.swift */ = {isa = PBXFileReference; lastKnownFileType = sourcecode.swift; path = CheckBoxView.swift; sourceTree = "<group>"; };
		4B1E073E2B6AF54900BFDB45 /* InputView.swift */ = {isa = PBXFileReference; lastKnownFileType = sourcecode.swift; path = InputView.swift; sourceTree = "<group>"; };
		4B1E07592B6AFA2600BFDB45 /* Registro.swift */ = {isa = PBXFileReference; lastKnownFileType = sourcecode.swift; path = Registro.swift; sourceTree = "<group>"; };
		4B1E075C2B6AFA4400BFDB45 /* Login.swift */ = {isa = PBXFileReference; lastKnownFileType = sourcecode.swift; path = Login.swift; sourceTree = "<group>"; };
		4B5E7AC82B572EB1008095FC /* iecaappadmin.app */ = {isa = PBXFileReference; explicitFileType = wrapper.application; includeInIndex = 0; path = iecaappadmin.app; sourceTree = BUILT_PRODUCTS_DIR; };
		4B5E7ACB2B572EB1008095FC /* iecaappadminApp.swift */ = {isa = PBXFileReference; lastKnownFileType = sourcecode.swift; path = iecaappadminApp.swift; sourceTree = "<group>"; };
		4B5E7ACD2B572EB1008095FC /* ContentView.swift */ = {isa = PBXFileReference; lastKnownFileType = sourcecode.swift; path = ContentView.swift; sourceTree = "<group>"; };
		4B5E7ACF2B572EB2008095FC /* Assets.xcassets */ = {isa = PBXFileReference; lastKnownFileType = folder.assetcatalog; path = Assets.xcassets; sourceTree = "<group>"; };
		4B5E7AD22B572EB2008095FC /* Preview Assets.xcassets */ = {isa = PBXFileReference; lastKnownFileType = folder.assetcatalog; path = "Preview Assets.xcassets"; sourceTree = "<group>"; };
		4B5E7AD82B572EB2008095FC /* iecaappadminTests.xctest */ = {isa = PBXFileReference; explicitFileType = wrapper.cfbundle; includeInIndex = 0; path = iecaappadminTests.xctest; sourceTree = BUILT_PRODUCTS_DIR; };
		4B5E7ADC2B572EB2008095FC /* iecaappadminTests.swift */ = {isa = PBXFileReference; lastKnownFileType = sourcecode.swift; path = iecaappadminTests.swift; sourceTree = "<group>"; };
		4B5E7AE22B572EB2008095FC /* iecaappadminUITests.xctest */ = {isa = PBXFileReference; explicitFileType = wrapper.cfbundle; includeInIndex = 0; path = iecaappadminUITests.xctest; sourceTree = BUILT_PRODUCTS_DIR; };
		4B5E7AE62B572EB2008095FC /* iecaappadminUITests.swift */ = {isa = PBXFileReference; lastKnownFileType = sourcecode.swift; path = iecaappadminUITests.swift; sourceTree = "<group>"; };
		4B5E7AE82B572EB2008095FC /* iecaappadminUITestsLaunchTests.swift */ = {isa = PBXFileReference; lastKnownFileType = sourcecode.swift; path = iecaappadminUITestsLaunchTests.swift; sourceTree = "<group>"; };
/* End PBXFileReference section */

/* Begin PBXFrameworksBuildPhase section */
		4B5E7AC52B572EB1008095FC /* Frameworks */ = {
			isa = PBXFrameworksBuildPhase;
			buildActionMask = 2147483647;
			files = (
			);
			runOnlyForDeploymentPostprocessing = 0;
		};
		4B5E7AD52B572EB2008095FC /* Frameworks */ = {
			isa = PBXFrameworksBuildPhase;
			buildActionMask = 2147483647;
			files = (
			);
			runOnlyForDeploymentPostprocessing = 0;
		};
		4B5E7ADF2B572EB2008095FC /* Frameworks */ = {
			isa = PBXFrameworksBuildPhase;
			buildActionMask = 2147483647;
			files = (
			);
			runOnlyForDeploymentPostprocessing = 0;
		};
/* End PBXFrameworksBuildPhase section */

/* Begin PBXGroup section */
		4B1E07342B6AF41500BFDB45 /* Componentes */ = {
			isa = PBXGroup;
			children = (
				4B1E07382B6AF4F500BFDB45 /* ButtonView.swift */,
				4B1E073A2B6AF51600BFDB45 /* CheckBoxView.swift */,
				4B1E073E2B6AF54900BFDB45 /* InputView.swift */,
			);
			path = Componentes;
			sourceTree = "<group>";
		};
		4B1E07352B6AF42300BFDB45 /* Vista */ = {
			isa = PBXGroup;
			children = (
				4B1E074A2B6AF79600BFDB45 /* Instructores */,
				4B1E074B2B6AF7A200BFDB45 /* Clientes */,
				4B1E074C2B6AF7AA00BFDB45 /* Cursos */,
				4B1E07572B6AF9A200BFDB45 /* CatalogoInstructores */,
				4B1E07522B6AF95400BFDB45 /* CatalogoClientes */,
				4B1E07542B6AF96D00BFDB45 /* CatalogoCursos */,
				4B1E07592B6AFA2600BFDB45 /* Registro.swift */,
				4B1E075C2B6AFA4400BFDB45 /* Login.swift */,
			);
			path = Vista;
			sourceTree = "<group>";
		};
		4B1E07362B6AF42C00BFDB45 /* Controlador */ = {
			isa = PBXGroup;
			children = (
				4B1E074F2B6AF7DB00BFDB45 /* Instructores */,
				4B1E074E2B6AF7D300BFDB45 /* Clientes */,
				4B1E074D2B6AF7CE00BFDB45 /* Cursos */,
				4B1E07582B6AF9A800BFDB45 /* CatalogoInstructores */,
				4B1E07532B6AF95A00BFDB45 /* CatalogoClientes */,
				4B1E07552B6AF98200BFDB45 /* CatalogoCursos */,
			);
			path = Controlador;
			sourceTree = "<group>";
		};
		4B1E07372B6AF43B00BFDB45 /* Modelo */ = {
			isa = PBXGroup;
			children = (
				4B1E07472B6AF6EC00BFDB45 /* Instructores */,
				4B1E07482B6AF6FA00BFDB45 /* Clientes */,
				4B1E07462B6AF6A900BFDB45 /* Cursos */,
				4B1E07562B6AF98D00BFDB45 /* CatalogoInstructores */,
				4B1E07512B6AF94300BFDB45 /* CatalogoClientes */,
				4B1E07502B6AF93400BFDB45 /* CatalogoCursos */,
			);
			path = Modelo;
			sourceTree = "<group>";
		};
		4B1E07402B6AF5DD00BFDB45 /* Servicios */ = {
			isa = PBXGroup;
			children = (
				4B1E07412B6AF5FB00BFDB45 /* Autenticacion */,
			);
			path = Servicios;
			sourceTree = "<group>";
		};
		4B1E07412B6AF5FB00BFDB45 /* Autenticacion */ = {
			isa = PBXGroup;
			children = (
			);
			path = Autenticacion;
			sourceTree = "<group>";
		};
		4B1E07462B6AF6A900BFDB45 /* Cursos */ = {
			isa = PBXGroup;
			children = (
			);
			path = Cursos;
			sourceTree = "<group>";
		};
		4B1E07472B6AF6EC00BFDB45 /* Instructores */ = {
			isa = PBXGroup;
			children = (
			);
			path = Instructores;
			sourceTree = "<group>";
		};
		4B1E07482B6AF6FA00BFDB45 /* Clientes */ = {
			isa = PBXGroup;
			children = (
			);
			path = Clientes;
			sourceTree = "<group>";
		};
		4B1E074A2B6AF79600BFDB45 /* Instructores */ = {
			isa = PBXGroup;
			children = (
			);
			path = Instructores;
			sourceTree = "<group>";
		};
		4B1E074B2B6AF7A200BFDB45 /* Clientes */ = {
			isa = PBXGroup;
			children = (
			);
			path = Clientes;
			sourceTree = "<group>";
		};
		4B1E074C2B6AF7AA00BFDB45 /* Cursos */ = {
			isa = PBXGroup;
			children = (
			);
			path = Cursos;
			sourceTree = "<group>";
		};
		4B1E074D2B6AF7CE00BFDB45 /* Cursos */ = {
			isa = PBXGroup;
			children = (
			);
			path = Cursos;
			sourceTree = "<group>";
		};
		4B1E074E2B6AF7D300BFDB45 /* Clientes */ = {
			isa = PBXGroup;
			children = (
			);
			path = Clientes;
			sourceTree = "<group>";
		};
		4B1E074F2B6AF7DB00BFDB45 /* Instructores */ = {
			isa = PBXGroup;
			children = (
			);
			path = Instructores;
			sourceTree = "<group>";
		};
		4B1E07502B6AF93400BFDB45 /* CatalogoCursos */ = {
			isa = PBXGroup;
			children = (
			);
			path = CatalogoCursos;
			sourceTree = "<group>";
		};
		4B1E07512B6AF94300BFDB45 /* CatalogoClientes */ = {
			isa = PBXGroup;
			children = (
			);
			path = CatalogoClientes;
			sourceTree = "<group>";
		};
		4B1E07522B6AF95400BFDB45 /* CatalogoClientes */ = {
			isa = PBXGroup;
			children = (
			);
			path = CatalogoClientes;
			sourceTree = "<group>";
		};
		4B1E07532B6AF95A00BFDB45 /* CatalogoClientes */ = {
			isa = PBXGroup;
			children = (
			);
			path = CatalogoClientes;
			sourceTree = "<group>";
		};
		4B1E07542B6AF96D00BFDB45 /* CatalogoCursos */ = {
			isa = PBXGroup;
			children = (
			);
			path = CatalogoCursos;
			sourceTree = "<group>";
		};
		4B1E07552B6AF98200BFDB45 /* CatalogoCursos */ = {
			isa = PBXGroup;
			children = (
			);
			path = CatalogoCursos;
			sourceTree = "<group>";
		};
		4B1E07562B6AF98D00BFDB45 /* CatalogoInstructores */ = {
			isa = PBXGroup;
			children = (
			);
			path = CatalogoInstructores;
			sourceTree = "<group>";
		};
		4B1E07572B6AF9A200BFDB45 /* CatalogoInstructores */ = {
			isa = PBXGroup;
			children = (
			);
			path = CatalogoInstructores;
			sourceTree = "<group>";
		};
		4B1E07582B6AF9A800BFDB45 /* CatalogoInstructores */ = {
			isa = PBXGroup;
			children = (
			);
			path = CatalogoInstructores;
			sourceTree = "<group>";
		};
		4B5E7ABF2B572EB1008095FC = {
			isa = PBXGroup;
			children = (
				4B5E7ACA2B572EB1008095FC /* iecaappadmin */,
				4B5E7ADB2B572EB2008095FC /* iecaappadminTests */,
				4B5E7AE52B572EB2008095FC /* iecaappadminUITests */,
				4B5E7AC92B572EB1008095FC /* Products */,
			);
			sourceTree = "<group>";
		};
		4B5E7AC92B572EB1008095FC /* Products */ = {
			isa = PBXGroup;
			children = (
				4B5E7AC82B572EB1008095FC /* iecaappadmin.app */,
				4B5E7AD82B572EB2008095FC /* iecaappadminTests.xctest */,
				4B5E7AE22B572EB2008095FC /* iecaappadminUITests.xctest */,
			);
			name = Products;
			sourceTree = "<group>";
		};
		4B5E7ACA2B572EB1008095FC /* iecaappadmin */ = {
			isa = PBXGroup;
			children = (
				4B1E07372B6AF43B00BFDB45 /* Modelo */,
				4B1E07352B6AF42300BFDB45 /* Vista */,
				4B1E07362B6AF42C00BFDB45 /* Controlador */,
				4B1E07342B6AF41500BFDB45 /* Componentes */,
				4B1E07402B6AF5DD00BFDB45 /* Servicios */,
				4B5E7ACB2B572EB1008095FC /* iecaappadminApp.swift */,
				4B5E7ACD2B572EB1008095FC /* ContentView.swift */,
				4B5E7ACF2B572EB2008095FC /* Assets.xcassets */,
				4B5E7AD12B572EB2008095FC /* Preview Content */,
			);
			path = iecaappadmin;
			sourceTree = "<group>";
		};
		4B5E7AD12B572EB2008095FC /* Preview Content */ = {
			isa = PBXGroup;
			children = (
				4B5E7AD22B572EB2008095FC /* Preview Assets.xcassets */,
			);
			path = "Preview Content";
			sourceTree = "<group>";
		};
		4B5E7ADB2B572EB2008095FC /* iecaappadminTests */ = {
			isa = PBXGroup;
			children = (
				4B5E7ADC2B572EB2008095FC /* iecaappadminTests.swift */,
			);
			path = iecaappadminTests;
			sourceTree = "<group>";
		};
		4B5E7AE52B572EB2008095FC /* iecaappadminUITests */ = {
			isa = PBXGroup;
			children = (
				4B5E7AE62B572EB2008095FC /* iecaappadminUITests.swift */,
				4B5E7AE82B572EB2008095FC /* iecaappadminUITestsLaunchTests.swift */,
			);
			path = iecaappadminUITests;
			sourceTree = "<group>";
		};
/* End PBXGroup section */

/* Begin PBXNativeTarget section */
		4B5E7AC72B572EB1008095FC /* iecaappadmin */ = {
			isa = PBXNativeTarget;
			buildConfigurationList = 4B5E7AEC2B572EB2008095FC /* Build configuration list for PBXNativeTarget "iecaappadmin" */;
			buildPhases = (
				4B5E7AC42B572EB1008095FC /* Sources */,
				4B5E7AC52B572EB1008095FC /* Frameworks */,
				4B5E7AC62B572EB1008095FC /* Resources */,
			);
			buildRules = (
			);
			dependencies = (
			);
			name = iecaappadmin;
			productName = iecaappadmin;
			productReference = 4B5E7AC82B572EB1008095FC /* iecaappadmin.app */;
			productType = "com.apple.product-type.application";
		};
		4B5E7AD72B572EB2008095FC /* iecaappadminTests */ = {
			isa = PBXNativeTarget;
			buildConfigurationList = 4B5E7AEF2B572EB2008095FC /* Build configuration list for PBXNativeTarget "iecaappadminTests" */;
			buildPhases = (
				4B5E7AD42B572EB2008095FC /* Sources */,
				4B5E7AD52B572EB2008095FC /* Frameworks */,
				4B5E7AD62B572EB2008095FC /* Resources */,
			);
			buildRules = (
			);
			dependencies = (
				4B5E7ADA2B572EB2008095FC /* PBXTargetDependency */,
			);
			name = iecaappadminTests;
			productName = iecaappadminTests;
			productReference = 4B5E7AD82B572EB2008095FC /* iecaappadminTests.xctest */;
			productType = "com.apple.product-type.bundle.unit-test";
		};
		4B5E7AE12B572EB2008095FC /* iecaappadminUITests */ = {
			isa = PBXNativeTarget;
			buildConfigurationList = 4B5E7AF22B572EB2008095FC /* Build configuration list for PBXNativeTarget "iecaappadminUITests" */;
			buildPhases = (
				4B5E7ADE2B572EB2008095FC /* Sources */,
				4B5E7ADF2B572EB2008095FC /* Frameworks */,
				4B5E7AE02B572EB2008095FC /* Resources */,
			);
			buildRules = (
			);
			dependencies = (
				4B5E7AE42B572EB2008095FC /* PBXTargetDependency */,
			);
			name = iecaappadminUITests;
			productName = iecaappadminUITests;
			productReference = 4B5E7AE22B572EB2008095FC /* iecaappadminUITests.xctest */;
			productType = "com.apple.product-type.bundle.ui-testing";
		};
/* End PBXNativeTarget section */

/* Begin PBXProject section */
		4B5E7AC02B572EB1008095FC /* Project object */ = {
			isa = PBXProject;
			attributes = {
				BuildIndependentTargetsInParallel = 1;
				LastSwiftUpdateCheck = 1510;
				LastUpgradeCheck = 1510;
				TargetAttributes = {
					4B5E7AC72B572EB1008095FC = {
						CreatedOnToolsVersion = 15.1;
					};
					4B5E7AD72B572EB2008095FC = {
						CreatedOnToolsVersion = 15.1;
						TestTargetID = 4B5E7AC72B572EB1008095FC;
					};
					4B5E7AE12B572EB2008095FC = {
						CreatedOnToolsVersion = 15.1;
						TestTargetID = 4B5E7AC72B572EB1008095FC;
					};
				};
			};
			buildConfigurationList = 4B5E7AC32B572EB1008095FC /* Build configuration list for PBXProject "iecaappadmin" */;
			compatibilityVersion = "Xcode 14.0";
			developmentRegion = en;
			hasScannedForEncodings = 0;
			knownRegions = (
				en,
				Base,
			);
			mainGroup = 4B5E7ABF2B572EB1008095FC;
			productRefGroup = 4B5E7AC92B572EB1008095FC /* Products */;
			projectDirPath = "";
			projectRoot = "";
			targets = (
				4B5E7AC72B572EB1008095FC /* iecaappadmin */,
				4B5E7AD72B572EB2008095FC /* iecaappadminTests */,
				4B5E7AE12B572EB2008095FC /* iecaappadminUITests */,
			);
		};
/* End PBXProject section */

/* Begin PBXResourcesBuildPhase section */
		4B5E7AC62B572EB1008095FC /* Resources */ = {
			isa = PBXResourcesBuildPhase;
			buildActionMask = 2147483647;
			files = (
				4B5E7AD32B572EB2008095FC /* Preview Assets.xcassets in Resources */,
				4B5E7AD02B572EB2008095FC /* Assets.xcassets in Resources */,
			);
			runOnlyForDeploymentPostprocessing = 0;
		};
		4B5E7AD62B572EB2008095FC /* Resources */ = {
			isa = PBXResourcesBuildPhase;
			buildActionMask = 2147483647;
			files = (
			);
			runOnlyForDeploymentPostprocessing = 0;
		};
		4B5E7AE02B572EB2008095FC /* Resources */ = {
			isa = PBXResourcesBuildPhase;
			buildActionMask = 2147483647;
			files = (
			);
			runOnlyForDeploymentPostprocessing = 0;
		};
/* End PBXResourcesBuildPhase section */

/* Begin PBXSourcesBuildPhase section */
		4B5E7AC42B572EB1008095FC /* Sources */ = {
			isa = PBXSourcesBuildPhase;
			buildActionMask = 2147483647;
			files = (
				4B1E075D2B6AFA4400BFDB45 /* Login.swift in Sources */,
				4B5E7ACE2B572EB1008095FC /* ContentView.swift in Sources */,
				4B5E7ACC2B572EB1008095FC /* iecaappadminApp.swift in Sources */,
				4B1E075A2B6AFA2600BFDB45 /* Registro.swift in Sources */,
				4B1E073F2B6AF54900BFDB45 /* InputView.swift in Sources */,
				4B1E07392B6AF4F500BFDB45 /* ButtonView.swift in Sources */,
				4B1E073B2B6AF51600BFDB45 /* CheckBoxView.swift in Sources */,
			);
			runOnlyForDeploymentPostprocessing = 0;
		};
		4B5E7AD42B572EB2008095FC /* Sources */ = {
			isa = PBXSourcesBuildPhase;
			buildActionMask = 2147483647;
			files = (
				4B5E7ADD2B572EB2008095FC /* iecaappadminTests.swift in Sources */,
			);
			runOnlyForDeploymentPostprocessing = 0;
		};
		4B5E7ADE2B572EB2008095FC /* Sources */ = {
			isa = PBXSourcesBuildPhase;
			buildActionMask = 2147483647;
			files = (
				4B5E7AE92B572EB2008095FC /* iecaappadminUITestsLaunchTests.swift in Sources */,
				4B5E7AE72B572EB2008095FC /* iecaappadminUITests.swift in Sources */,
			);
			runOnlyForDeploymentPostprocessing = 0;
		};
/* End PBXSourcesBuildPhase section */

/* Begin PBXTargetDependency section */
		4B5E7ADA2B572EB2008095FC /* PBXTargetDependency */ = {
			isa = PBXTargetDependency;
			target = 4B5E7AC72B572EB1008095FC /* iecaappadmin */;
			targetProxy = 4B5E7AD92B572EB2008095FC /* PBXContainerItemProxy */;
		};
		4B5E7AE42B572EB2008095FC /* PBXTargetDependency */ = {
			isa = PBXTargetDependency;
			target = 4B5E7AC72B572EB1008095FC /* iecaappadmin */;
			targetProxy = 4B5E7AE32B572EB2008095FC /* PBXContainerItemProxy */;
		};
/* End PBXTargetDependency section */

/* Begin XCBuildConfiguration section */
		4B5E7AEA2B572EB2008095FC /* Debug */ = {
			isa = XCBuildConfiguration;
			buildSettings = {
				ALWAYS_SEARCH_USER_PATHS = NO;
				ASSETCATALOG_COMPILER_GENERATE_SWIFT_ASSET_SYMBOL_EXTENSIONS = YES;
				CLANG_ANALYZER_NONNULL = YES;
				CLANG_ANALYZER_NUMBER_OBJECT_CONVERSION = YES_AGGRESSIVE;
				CLANG_CXX_LANGUAGE_STANDARD = "gnu++20";
				CLANG_ENABLE_MODULES = YES;
				CLANG_ENABLE_OBJC_ARC = YES;
				CLANG_ENABLE_OBJC_WEAK = YES;
				CLANG_WARN_BLOCK_CAPTURE_AUTORELEASING = YES;
				CLANG_WARN_BOOL_CONVERSION = YES;
				CLANG_WARN_COMMA = YES;
				CLANG_WARN_CONSTANT_CONVERSION = YES;
				CLANG_WARN_DEPRECATED_OBJC_IMPLEMENTATIONS = YES;
				CLANG_WARN_DIRECT_OBJC_ISA_USAGE = YES_ERROR;
				CLANG_WARN_DOCUMENTATION_COMMENTS = YES;
				CLANG_WARN_EMPTY_BODY = YES;
				CLANG_WARN_ENUM_CONVERSION = YES;
				CLANG_WARN_INFINITE_RECURSION = YES;
				CLANG_WARN_INT_CONVERSION = YES;
				CLANG_WARN_NON_LITERAL_NULL_CONVERSION = YES;
				CLANG_WARN_OBJC_IMPLICIT_RETAIN_SELF = YES;
				CLANG_WARN_OBJC_LITERAL_CONVERSION = YES;
				CLANG_WARN_OBJC_ROOT_CLASS = YES_ERROR;
				CLANG_WARN_QUOTED_INCLUDE_IN_FRAMEWORK_HEADER = YES;
				CLANG_WARN_RANGE_LOOP_ANALYSIS = YES;
				CLANG_WARN_STRICT_PROTOTYPES = YES;
				CLANG_WARN_SUSPICIOUS_MOVE = YES;
				CLANG_WARN_UNGUARDED_AVAILABILITY = YES_AGGRESSIVE;
				CLANG_WARN_UNREACHABLE_CODE = YES;
				CLANG_WARN__DUPLICATE_METHOD_MATCH = YES;
				COPY_PHASE_STRIP = NO;
				DEBUG_INFORMATION_FORMAT = dwarf;
				ENABLE_STRICT_OBJC_MSGSEND = YES;
				ENABLE_TESTABILITY = YES;
				ENABLE_USER_SCRIPT_SANDBOXING = YES;
				GCC_C_LANGUAGE_STANDARD = gnu17;
				GCC_DYNAMIC_NO_PIC = NO;
				GCC_NO_COMMON_BLOCKS = YES;
				GCC_OPTIMIZATION_LEVEL = 0;
				GCC_PREPROCESSOR_DEFINITIONS = (
					"DEBUG=1",
					"$(inherited)",
				);
				GCC_WARN_64_TO_32_BIT_CONVERSION = YES;
				GCC_WARN_ABOUT_RETURN_TYPE = YES_ERROR;
				GCC_WARN_UNDECLARED_SELECTOR = YES;
				GCC_WARN_UNINITIALIZED_AUTOS = YES_AGGRESSIVE;
				GCC_WARN_UNUSED_FUNCTION = YES;
				GCC_WARN_UNUSED_VARIABLE = YES;
				IPHONEOS_DEPLOYMENT_TARGET = 17.2;
				LOCALIZATION_PREFERS_STRING_CATALOGS = YES;
				MTL_ENABLE_DEBUG_INFO = INCLUDE_SOURCE;
				MTL_FAST_MATH = YES;
				ONLY_ACTIVE_ARCH = YES;
				SDKROOT = iphoneos;
				SWIFT_ACTIVE_COMPILATION_CONDITIONS = "DEBUG $(inherited)";
				SWIFT_OPTIMIZATION_LEVEL = "-Onone";
			};
			name = Debug;
		};
		4B5E7AEB2B572EB2008095FC /* Release */ = {
			isa = XCBuildConfiguration;
			buildSettings = {
				ALWAYS_SEARCH_USER_PATHS = NO;
				ASSETCATALOG_COMPILER_GENERATE_SWIFT_ASSET_SYMBOL_EXTENSIONS = YES;
				CLANG_ANALYZER_NONNULL = YES;
				CLANG_ANALYZER_NUMBER_OBJECT_CONVERSION = YES_AGGRESSIVE;
				CLANG_CXX_LANGUAGE_STANDARD = "gnu++20";
				CLANG_ENABLE_MODULES = YES;
				CLANG_ENABLE_OBJC_ARC = YES;
				CLANG_ENABLE_OBJC_WEAK = YES;
				CLANG_WARN_BLOCK_CAPTURE_AUTORELEASING = YES;
				CLANG_WARN_BOOL_CONVERSION = YES;
				CLANG_WARN_COMMA = YES;
				CLANG_WARN_CONSTANT_CONVERSION = YES;
				CLANG_WARN_DEPRECATED_OBJC_IMPLEMENTATIONS = YES;
				CLANG_WARN_DIRECT_OBJC_ISA_USAGE = YES_ERROR;
				CLANG_WARN_DOCUMENTATION_COMMENTS = YES;
				CLANG_WARN_EMPTY_BODY = YES;
				CLANG_WARN_ENUM_CONVERSION = YES;
				CLANG_WARN_INFINITE_RECURSION = YES;
				CLANG_WARN_INT_CONVERSION = YES;
				CLANG_WARN_NON_LITERAL_NULL_CONVERSION = YES;
				CLANG_WARN_OBJC_IMPLICIT_RETAIN_SELF = YES;
				CLANG_WARN_OBJC_LITERAL_CONVERSION = YES;
				CLANG_WARN_OBJC_ROOT_CLASS = YES_ERROR;
				CLANG_WARN_QUOTED_INCLUDE_IN_FRAMEWORK_HEADER = YES;
				CLANG_WARN_RANGE_LOOP_ANALYSIS = YES;
				CLANG_WARN_STRICT_PROTOTYPES = YES;
				CLANG_WARN_SUSPICIOUS_MOVE = YES;
				CLANG_WARN_UNGUARDED_AVAILABILITY = YES_AGGRESSIVE;
				CLANG_WARN_UNREACHABLE_CODE = YES;
				CLANG_WARN__DUPLICATE_METHOD_MATCH = YES;
				COPY_PHASE_STRIP = NO;
				DEBUG_INFORMATION_FORMAT = "dwarf-with-dsym";
				ENABLE_NS_ASSERTIONS = NO;
				ENABLE_STRICT_OBJC_MSGSEND = YES;
				ENABLE_USER_SCRIPT_SANDBOXING = YES;
				GCC_C_LANGUAGE_STANDARD = gnu17;
				GCC_NO_COMMON_BLOCKS = YES;
				GCC_WARN_64_TO_32_BIT_CONVERSION = YES;
				GCC_WARN_ABOUT_RETURN_TYPE = YES_ERROR;
				GCC_WARN_UNDECLARED_SELECTOR = YES;
				GCC_WARN_UNINITIALIZED_AUTOS = YES_AGGRESSIVE;
				GCC_WARN_UNUSED_FUNCTION = YES;
				GCC_WARN_UNUSED_VARIABLE = YES;
				IPHONEOS_DEPLOYMENT_TARGET = 17.2;
				LOCALIZATION_PREFERS_STRING_CATALOGS = YES;
				MTL_ENABLE_DEBUG_INFO = NO;
				MTL_FAST_MATH = YES;
				SDKROOT = iphoneos;
				SWIFT_COMPILATION_MODE = wholemodule;
				VALIDATE_PRODUCT = YES;
			};
			name = Release;
		};
		4B5E7AED2B572EB2008095FC /* Debug */ = {
			isa = XCBuildConfiguration;
			buildSettings = {
				ASSETCATALOG_COMPILER_APPICON_NAME = AppIcon;
				ASSETCATALOG_COMPILER_GLOBAL_ACCENT_COLOR_NAME = AccentColor;
				CODE_SIGN_STYLE = Automatic;
				CURRENT_PROJECT_VERSION = 1;
				DEVELOPMENT_ASSET_PATHS = "\"iecaappadmin/Preview Content\"";
				ENABLE_PREVIEWS = YES;
				GENERATE_INFOPLIST_FILE = YES;
				INFOPLIST_KEY_UIApplicationSceneManifest_Generation = YES;
				INFOPLIST_KEY_UIApplicationSupportsIndirectInputEvents = YES;
				INFOPLIST_KEY_UILaunchScreen_Generation = YES;
				INFOPLIST_KEY_UISupportedInterfaceOrientations_iPad = "UIInterfaceOrientationPortrait UIInterfaceOrientationPortraitUpsideDown UIInterfaceOrientationLandscapeLeft UIInterfaceOrientationLandscapeRight";
				INFOPLIST_KEY_UISupportedInterfaceOrientations_iPhone = "UIInterfaceOrientationPortrait UIInterfaceOrientationLandscapeLeft UIInterfaceOrientationLandscapeRight";
				LD_RUNPATH_SEARCH_PATHS = (
					"$(inherited)",
					"@executable_path/Frameworks",
				);
				MARKETING_VERSION = 1.0;
				PRODUCT_BUNDLE_IDENTIFIER = com.checkapp.iecaappadmin;
				PRODUCT_NAME = "$(TARGET_NAME)";
				SWIFT_EMIT_LOC_STRINGS = YES;
				SWIFT_VERSION = 5.0;
				TARGETED_DEVICE_FAMILY = "1,2";
			};
			name = Debug;
		};
		4B5E7AEE2B572EB2008095FC /* Release */ = {
			isa = XCBuildConfiguration;
			buildSettings = {
				ASSETCATALOG_COMPILER_APPICON_NAME = AppIcon;
				ASSETCATALOG_COMPILER_GLOBAL_ACCENT_COLOR_NAME = AccentColor;
				CODE_SIGN_STYLE = Automatic;
				CURRENT_PROJECT_VERSION = 1;
				DEVELOPMENT_ASSET_PATHS = "\"iecaappadmin/Preview Content\"";
				ENABLE_PREVIEWS = YES;
				GENERATE_INFOPLIST_FILE = YES;
				INFOPLIST_KEY_UIApplicationSceneManifest_Generation = YES;
				INFOPLIST_KEY_UIApplicationSupportsIndirectInputEvents = YES;
				INFOPLIST_KEY_UILaunchScreen_Generation = YES;
				INFOPLIST_KEY_UISupportedInterfaceOrientations_iPad = "UIInterfaceOrientationPortrait UIInterfaceOrientationPortraitUpsideDown UIInterfaceOrientationLandscapeLeft UIInterfaceOrientationLandscapeRight";
				INFOPLIST_KEY_UISupportedInterfaceOrientations_iPhone = "UIInterfaceOrientationPortrait UIInterfaceOrientationLandscapeLeft UIInterfaceOrientationLandscapeRight";
				LD_RUNPATH_SEARCH_PATHS = (
					"$(inherited)",
					"@executable_path/Frameworks",
				);
				MARKETING_VERSION = 1.0;
				PRODUCT_BUNDLE_IDENTIFIER = com.checkapp.iecaappadmin;
				PRODUCT_NAME = "$(TARGET_NAME)";
				SWIFT_EMIT_LOC_STRINGS = YES;
				SWIFT_VERSION = 5.0;
				TARGETED_DEVICE_FAMILY = "1,2";
			};
			name = Release;
		};
		4B5E7AF02B572EB2008095FC /* Debug */ = {
			isa = XCBuildConfiguration;
			buildSettings = {
				ALWAYS_EMBED_SWIFT_STANDARD_LIBRARIES = YES;
				BUNDLE_LOADER = "$(TEST_HOST)";
				CODE_SIGN_STYLE = Automatic;
				CURRENT_PROJECT_VERSION = 1;
				GENERATE_INFOPLIST_FILE = YES;
				IPHONEOS_DEPLOYMENT_TARGET = 17.2;
				MARKETING_VERSION = 1.0;
				PRODUCT_BUNDLE_IDENTIFIER = com.checkapp.iecaappadminTests;
				PRODUCT_NAME = "$(TARGET_NAME)";
				SWIFT_EMIT_LOC_STRINGS = NO;
				SWIFT_VERSION = 5.0;
				TARGETED_DEVICE_FAMILY = "1,2";
				TEST_HOST = "$(BUILT_PRODUCTS_DIR)/iecaappadmin.app/$(BUNDLE_EXECUTABLE_FOLDER_PATH)/iecaappadmin";
			};
			name = Debug;
		};
		4B5E7AF12B572EB2008095FC /* Release */ = {
			isa = XCBuildConfiguration;
			buildSettings = {
				ALWAYS_EMBED_SWIFT_STANDARD_LIBRARIES = YES;
				BUNDLE_LOADER = "$(TEST_HOST)";
				CODE_SIGN_STYLE = Automatic;
				CURRENT_PROJECT_VERSION = 1;
				GENERATE_INFOPLIST_FILE = YES;
				IPHONEOS_DEPLOYMENT_TARGET = 17.2;
				MARKETING_VERSION = 1.0;
				PRODUCT_BUNDLE_IDENTIFIER = com.checkapp.iecaappadminTests;
				PRODUCT_NAME = "$(TARGET_NAME)";
				SWIFT_EMIT_LOC_STRINGS = NO;
				SWIFT_VERSION = 5.0;
				TARGETED_DEVICE_FAMILY = "1,2";
				TEST_HOST = "$(BUILT_PRODUCTS_DIR)/iecaappadmin.app/$(BUNDLE_EXECUTABLE_FOLDER_PATH)/iecaappadmin";
			};
			name = Release;
		};
		4B5E7AF32B572EB2008095FC /* Debug */ = {
			isa = XCBuildConfiguration;
			buildSettings = {
				ALWAYS_EMBED_SWIFT_STANDARD_LIBRARIES = YES;
				CODE_SIGN_STYLE = Automatic;
				CURRENT_PROJECT_VERSION = 1;
				GENERATE_INFOPLIST_FILE = YES;
				MARKETING_VERSION = 1.0;
				PRODUCT_BUNDLE_IDENTIFIER = com.checkapp.iecaappadminUITests;
				PRODUCT_NAME = "$(TARGET_NAME)";
				SWIFT_EMIT_LOC_STRINGS = NO;
				SWIFT_VERSION = 5.0;
				TARGETED_DEVICE_FAMILY = "1,2";
				TEST_TARGET_NAME = iecaappadmin;
			};
			name = Debug;
		};
		4B5E7AF42B572EB2008095FC /* Release */ = {
			isa = XCBuildConfiguration;
			buildSettings = {
				ALWAYS_EMBED_SWIFT_STANDARD_LIBRARIES = YES;
				CODE_SIGN_STYLE = Automatic;
				CURRENT_PROJECT_VERSION = 1;
				GENERATE_INFOPLIST_FILE = YES;
				MARKETING_VERSION = 1.0;
				PRODUCT_BUNDLE_IDENTIFIER = com.checkapp.iecaappadminUITests;
				PRODUCT_NAME = "$(TARGET_NAME)";
				SWIFT_EMIT_LOC_STRINGS = NO;
				SWIFT_VERSION = 5.0;
				TARGETED_DEVICE_FAMILY = "1,2";
				TEST_TARGET_NAME = iecaappadmin;
			};
			name = Release;
		};
/* End XCBuildConfiguration section */

/* Begin XCConfigurationList section */
		4B5E7AC32B572EB1008095FC /* Build configuration list for PBXProject "iecaappadmin" */ = {
			isa = XCConfigurationList;
			buildConfigurations = (
				4B5E7AEA2B572EB2008095FC /* Debug */,
				4B5E7AEB2B572EB2008095FC /* Release */,
			);
			defaultConfigurationIsVisible = 0;
			defaultConfigurationName = Release;
		};
		4B5E7AEC2B572EB2008095FC /* Build configuration list for PBXNativeTarget "iecaappadmin" */ = {
			isa = XCConfigurationList;
			buildConfigurations = (
				4B5E7AED2B572EB2008095FC /* Debug */,
				4B5E7AEE2B572EB2008095FC /* Release */,
			);
			defaultConfigurationIsVisible = 0;
			defaultConfigurationName = Release;
		};
		4B5E7AEF2B572EB2008095FC /* Build configuration list for PBXNativeTarget "iecaappadminTests" */ = {
			isa = XCConfigurationList;
			buildConfigurations = (
				4B5E7AF02B572EB2008095FC /* Debug */,
				4B5E7AF12B572EB2008095FC /* Release */,
			);
			defaultConfigurationIsVisible = 0;
			defaultConfigurationName = Release;
		};
		4B5E7AF22B572EB2008095FC /* Build configuration list for PBXNativeTarget "iecaappadminUITests" */ = {
			isa = XCConfigurationList;
			buildConfigurations = (
				4B5E7AF32B572EB2008095FC /* Debug */,
				4B5E7AF42B572EB2008095FC /* Release */,
			);
			defaultConfigurationIsVisible = 0;
			defaultConfigurationName = Release;
		};
/* End XCConfigurationList section */
	};
	rootObject = 4B5E7AC02B572EB1008095FC /* Project object */;
}
